
Microsoft Visual Studio Solution File, Format Version 12.00
# Visual Studio Version 16
VisualStudioVersion = 16.0.32510.428
MinimumVisualStudioVersion = 10.0.40219.1
Project("{FAE04EC0-301F-11D3-BF4B-00C04F79EFBC}") = "4.Calculator", "4.Calculator\4.Calculator.csproj", "{4FA32100-1695-488B-A9BE-33A59C336016}"
EndProject
Global
	GlobalSection(SolutionConfigurationPlatforms) = preSolution
		Debug|Any CPU = Debug|Any CPU
		Release|Any CPU = Release|Any CPU
	EndGlobalSection
	GlobalSection(ProjectConfigurationPlatforms) = postSolution
		{4FA32100-1695-488B-A9BE-33A59C336016}.Debug|Any CPU.ActiveCfg = Debug|Any CPU
		{4FA32100-1695-488B-A9BE-33A59C336016}.Debug|Any CPU.Build.0 = Debug|Any CPU
		{4FA32100-1695-488B-A9BE-33A59C336016}.Release|Any CPU.ActiveCfg = Release|Any CPU
		{4FA32100-1695-488B-A9BE-33A59C336016}.Release|Any CPU.Build.0 = Release|Any CPU
	EndGlobalSection
	GlobalSection(SolutionProperties) = preSolution
		HideSolutionNode = FALSE
	EndGlobalSection
	GlobalSection(ExtensibilityGlobals) = postSolution
		SolutionGuid = {AD8D7F75-95B4-464D-94AD-4CFB0B52C5CC}
	EndGlobalSection
EndGlobal
